
Microsoft Visual Studio Solution File, Format Version 12.00
# Visual Studio Version 17
VisualStudioVersion = 17.8.34511.84
MinimumVisualStudioVersion = 10.0.40219.1
Project("{FAE04EC0-301F-11D3-BF4B-00C04F79EFBC}") = "Funktsions", "Funktsions\Funktsions.csproj", "{ECCE31AD-8AE1-4ACC-8B42-98BC73F344C2}"
EndProject
Project("{FAE04EC0-301F-11D3-BF4B-00C04F79EFBC}") = "ArgumentsAndParameters", "ArgumentsAndParameters\ArgumentsAndParameters.csproj", "{1144FBAB-EF47-4C74-AE0F-AD3B567B8874}"
EndProject
Project("{FAE04EC0-301F-11D3-BF4B-00C04F79EFBC}") = "Calculator", "Calculator\Calculator.csproj", "{A580BF31-B14A-4CE2-B080-AD8578318D3C}"
EndProject
Project("{FAE04EC0-301F-11D3-BF4B-00C04F79EFBC}") = "DiscountCalculator", "DiscountCalculator\DiscountCalculator.csproj", "{3998C128-4DE6-4261-AB40-6ED251190001}"
EndProject
Project("{FAE04EC0-301F-11D3-BF4B-00C04F79EFBC}") = "Proov", "Proov\Proov.csproj", "{E083405F-AAA7-4A2B-A764-D98E4AF6782F}"
EndProject
Global
	GlobalSection(SolutionConfigurationPlatforms) = preSolution
		Debug|Any CPU = Debug|Any CPU
		Release|Any CPU = Release|Any CPU
	EndGlobalSection
	GlobalSection(ProjectConfigurationPlatforms) = postSolution
		{ECCE31AD-8AE1-4ACC-8B42-98BC73F344C2}.Debug|Any CPU.ActiveCfg = Debug|Any CPU
		{ECCE31AD-8AE1-4ACC-8B42-98BC73F344C2}.Debug|Any CPU.Build.0 = Debug|Any CPU
		{ECCE31AD-8AE1-4ACC-8B42-98BC73F344C2}.Release|Any CPU.ActiveCfg = Release|Any CPU
		{ECCE31AD-8AE1-4ACC-8B42-98BC73F344C2}.Release|Any CPU.Build.0 = Release|Any CPU
		{1144FBAB-EF47-4C74-AE0F-AD3B567B8874}.Debug|Any CPU.ActiveCfg = Debug|Any CPU
		{1144FBAB-EF47-4C74-AE0F-AD3B567B8874}.Debug|Any CPU.Build.0 = Debug|Any CPU
		{1144FBAB-EF47-4C74-AE0F-AD3B567B8874}.Release|Any CPU.ActiveCfg = Release|Any CPU
		{1144FBAB-EF47-4C74-AE0F-AD3B567B8874}.Release|Any CPU.Build.0 = Release|Any CPU
		{A580BF31-B14A-4CE2-B080-AD8578318D3C}.Debug|Any CPU.ActiveCfg = Debug|Any CPU
		{A580BF31-B14A-4CE2-B080-AD8578318D3C}.Debug|Any CPU.Build.0 = Debug|Any CPU
		{A580BF31-B14A-4CE2-B080-AD8578318D3C}.Release|Any CPU.ActiveCfg = Release|Any CPU
		{A580BF31-B14A-4CE2-B080-AD8578318D3C}.Release|Any CPU.Build.0 = Release|Any CPU
		{3998C128-4DE6-4261-AB40-6ED251190001}.Debug|Any CPU.ActiveCfg = Debug|Any CPU
		{3998C128-4DE6-4261-AB40-6ED251190001}.Debug|Any CPU.Build.0 = Debug|Any CPU
		{3998C128-4DE6-4261-AB40-6ED251190001}.Release|Any CPU.ActiveCfg = Release|Any CPU
		{3998C128-4DE6-4261-AB40-6ED251190001}.Release|Any CPU.Build.0 = Release|Any CPU
		{E083405F-AAA7-4A2B-A764-D98E4AF6782F}.Debug|Any CPU.ActiveCfg = Debug|Any CPU
		{E083405F-AAA7-4A2B-A764-D98E4AF6782F}.Debug|Any CPU.Build.0 = Debug|Any CPU
		{E083405F-AAA7-4A2B-A764-D98E4AF6782F}.Release|Any CPU.ActiveCfg = Release|Any CPU
		{E083405F-AAA7-4A2B-A764-D98E4AF6782F}.Release|Any CPU.Build.0 = Release|Any CPU
	EndGlobalSection
	GlobalSection(SolutionProperties) = preSolution
		HideSolutionNode = FALSE
	EndGlobalSection
	GlobalSection(ExtensibilityGlobals) = postSolution
		SolutionGuid = {9C7106D1-34AB-4662-A7CE-A089202CBCA7}
	EndGlobalSection
EndGlobal
